
Microsoft Visual Studio Solution File, Format Version 12.00
# Visual Studio 14
VisualStudioVersion = 14.0.23107.0
MinimumVisualStudioVersion = 10.0.40219.1
Project("{FAE04EC0-301F-11D3-BF4B-00C04F79EFBC}") = "LGROUP.Estudo.Web.UI", "LGROUP.Estudo.Web.UI\LGROUP.Estudo.Web.UI.csproj", "{8C8DDAEA-FF87-40EF-8D92-A34CA0ABF65F}"
EndProject
Global
	GlobalSection(SolutionConfigurationPlatforms) = preSolution
		Debug|Any CPU = Debug|Any CPU
		Release|Any CPU = Release|Any CPU
	EndGlobalSection
	GlobalSection(ProjectConfigurationPlatforms) = postSolution
		{8C8DDAEA-FF87-40EF-8D92-A34CA0ABF65F}.Debug|Any CPU.ActiveCfg = Debug|Any CPU
		{8C8DDAEA-FF87-40EF-8D92-A34CA0ABF65F}.Debug|Any CPU.Build.0 = Debug|Any CPU
		{8C8DDAEA-FF87-40EF-8D92-A34CA0ABF65F}.Release|Any CPU.ActiveCfg = Release|Any CPU
		{8C8DDAEA-FF87-40EF-8D92-A34CA0ABF65F}.Release|Any CPU.Build.0 = Release|Any CPU
	EndGlobalSection
	GlobalSection(SolutionProperties) = preSolution
		HideSolutionNode = FALSE
	EndGlobalSection
EndGlobal
